<?xml version="1.0" encoding="utf-8"?>
<Project ToolsVersion="4.0" xmlns="http://schemas.microsoft.com/developer/msbuild/2003">
  <ItemGroup>
    <ClCompile Include="cpp\Ending.cpp" />
    <ClCompile Include="cpp\Game.cpp" />
    <ClCompile Include="cpp\HappyEnding.cpp" />
    <ClCompile Include="cpp\Main.cpp" />
    <ClCompile Include="cpp\Menu.cpp" />
    <ClCompile Include="cpp\Select.cpp" />
    <ClCompile Include="cpp\LevelUp.cpp" />
  </ItemGroup>
  <ItemGroup>
    <ClInclude Include="header\Ending.h" />
    <ClInclude Include="header\Game.h" />
    <ClInclude Include="header\HappyEnding.h" />
    <ClInclude Include="header\LevelUp.h" />
    <ClInclude Include="header\Main.h" />
    <ClInclude Include="header\Menu.h" />
    <ClInclude Include="header\Select.h" />
  </ItemGroup>
  <ItemGroup>
    <Media Include="..\..\..\..\Downloads\UI pack 1 (2)\levelup.wav" />
  </ItemGroup>
</Project>